<Solution>
  <Project Path="Unity.Timeline.csproj" />
  <Project Path="Unity.InputSystem.csproj" />
  <Project Path="Unity.Recorder.Editor.csproj" />
  <Project Path="Unity.PlasticSCM.Editor.csproj" />
  <Project Path="UnityEngine.Advertisements.Editor.csproj" />
  <Project Path="Unity.Services.Core.Internal.csproj" />
  <Project Path="Unity.Timeline.Editor.csproj" />
  <Project Path="Unity.Multiplayer.Center.Editor.csproj" />
  <Project Path="Unity.Collections.csproj" />
  <Project Path="UnityEngine.Advertisements.csproj" />
  <Project Path="UnityEngine.UI.csproj" />
  <Project Path="UnityEditor.TestRunner.csproj" />
  <Project Path="Unity.PerformanceTesting.Editor.csproj" />
  <Project Path="UnityEngine.TestRunner.csproj" />
  <Project Path="Unity.2D.Tilemap.Editor.csproj" />
  <Project Path="Unity.Burst.csproj" />
  <Project Path="Unity.Services.Core.Environments.Editor.csproj" />
  <Project Path="Unity.Services.Analytics.csproj" />
  <Project Path="Unity.VisualStudio.Editor.csproj" />
  <Project Path="Unity.AI.Navigation.Editor.csproj" />
  <Project Path="Unity.TextMeshPro.Editor.csproj" />
  <Project Path="Unity.Rider.Editor.csproj" />
  <Project Path="Unity.Services.Core.Configuration.csproj" />
  <Project Path="Unity.AI.Navigation.Editor.ConversionSystem.csproj" />
  <Project Path="Unity.InternalAPIEngineBridge.004.csproj" />
  <Project Path="Unity.Services.Core.Editor.csproj" />
  <Project Path="Unity.Burst.CodeGen.csproj" />
  <Project Path="Unity.Services.Core.Configuration.Editor.csproj" />
  <Project Path="Unity.PerformanceTesting.csproj" />
  <Project Path="Unity.Services.Core.csproj" />
  <Project Path="Unity.AI.Navigation.csproj" />
  <Project Path="UnityEditor.UI.csproj" />
  <Project Path="Unity.TextMeshPro.csproj" />
  <Project Path="Unity.Services.Analytics.Editor.csproj" />
  <Project Path="Unity.Burst.Editor.csproj" />
  <Project Path="Unity.AI.Navigation.Updater.csproj" />
  <Project Path="Unity.Analytics.DataPrivacy.csproj" />
  <Project Path="Unity.2D.Sprite.Editor.csproj" />
  <Project Path="UnityEngine.Advertisements.DevX.Editor.csproj" />
  <Project Path="Unity.InputSystem.DocCodeSamples.csproj" />
  <Project Path="Unity.Recorder.csproj" />
  <Project Path="Unity.Services.Core.Analytics.csproj" />
  <Project Path="Unity.Multiplayer.Center.Common.csproj" />
  <Project Path="UnityEngine.SpatialTracking.csproj" />
  <Project Path="Unity.Services.Core.Environments.Internal.csproj" />
  <Project Path="Unity.InputSystem.ForUI.csproj" />
  <Project Path="Unity.Services.Core.Networking.csproj" />
  <Project Path="Unity.Services.Core.Scheduler.csproj" />
  <Project Path="Assembly-CSharp.csproj" />
  <Project Path="Unity.Collections.CodeGen.csproj" />
  <Project Path="Unity.Services.Core.Telemetry.csproj" />
  <Project Path="Unity.CollabProxy.Editor.csproj" />
  <Project Path="Unity.Services.Core.Components.csproj" />
  <Project Path="UnityEditor.UI.Analytics.csproj" />
  <Project Path="Assembly-CSharp-firstpass.csproj" />
  <Project Path="Unity.Services.Core.Threading.csproj" />
  <Project Path="Unity.InputSystem.TestFramework.csproj" />
  <Project Path="Unity.Services.Core.Device.csproj" />
  <Project Path="UnityEditor.XR.LegacyInputHelpers.csproj" />
  <Project Path="Unity.Recorder.Base.csproj" />
  <Project Path="UnityEngine.XR.LegacyInputHelpers.csproj" />
  <Project Path="Unity.PlasticSCM.Editor.Entities.csproj" />
  <Project Path="Analytics.csproj" />
  <Project Path="UnityEditor.SpatialTracking.csproj" />
  <Project Path="Unity.Services.Core.Registration.csproj" />
  <Project Path="Unity.Bindings.OpenImageIO.Editor.csproj" />
  <Project Path="Unity.Services.Core.Environments.csproj" />
  <Project Path="Unity.Collections.Editor.csproj" />
  <Project Path="Unity.Mathematics.csproj" />
</Solution>
